<?xml version="1.0" encoding="utf-8"?>
<Project ToolsVersion="4.0" xmlns="http://schemas.microsoft.com/developer/msbuild/2003">
  <ItemGroup>
    <Filter Include="source">
      <UniqueIdentifier>{57ea1ca4-5738-46da-83a7-69aa27329499}</UniqueIdentifier>
      <Extensions>cpp;c;cxx;def;odl;idl;hpj;bat;asm</Extensions>
    </Filter>
    <Filter Include="include">
      <UniqueIdentifier>{be3a15af-2cd3-4a13-9daa-dbaf924c27b4}</UniqueIdentifier>
      <Extensions>h;hpp;hxx;hm;inl;inc</Extensions>
    </Filter>
    <Filter Include="resource">
      <UniqueIdentifier>{34d74515-1b36-4497-8cd1-50bd588dfe7c}</UniqueIdentifier>
      <Extensions>rc;ico;cur;bmp;dlg;rc2;rct;bin;rgs;jpg;jpeg;jpe;png;manifest</Extensions>
    </Filter>
  </ItemGroup>
  <ItemGroup>
    <None Include="res\Box2DTest2.ico">
      <Filter>resource</Filter>
    </None>
    <None Include="..\Resources\CloseSelected.png">
      <Filter>resource</Filter>
    </None>
    <None Include="..\Resources\CloseNormal.png">
      <Filter>resource</Filter>
    </None>
    <None Include="..\Resources\HelloWorld.png">
      <Filter>resource</Filter>
    </None>
    <None Include="..\Resources\gv_arrow.png">
      <Filter>resource</Filter>
    </None>
    <None Include="..\Resources\button.png">
      <Filter>resource</Filter>
    </None>
    <None Include="..\Resources\ant_0.png">
      <Filter>resource</Filter>
    </None>
    <None Include="..\Resources\ant_1.png">
      <Filter>resource</Filter>
    </None>
    <None Include="..\Resources\ant_2.png">
      <Filter>resource</Filter>
    </None>
    <None Include="..\Resources\ant_3.png">
      <Filter>resource</Filter>
    </None>
  </ItemGroup>
  <ItemGroup>
    <ResourceCompile Include="Box2DTest2.rc">
      <Filter>resource</Filter>
    </ResourceCompile>
  </ItemGroup>
  <ItemGroup>
    <ClInclude Include="resource.h">
      <Filter>include</Filter>
    </ClInclude>
    <ClInclude Include="main.h">
      <Filter>include</Filter>
    </ClInclude>
    <ClInclude Include="..\Classes\AppDelegate.h">
      <Filter>include</Filter>
    </ClInclude>
    <ClInclude Include="..\Classes\HelloWorldScene.h">
      <Filter>include</Filter>
    </ClInclude>
    <ClInclude Include="..\Classes\B2DebugDrawLayer.h">
      <Filter>include</Filter>
    </ClInclude>
    <ClInclude Include="..\Classes\GLES-Render.h">
      <Filter>include</Filter>
    </ClInclude>
    <ClInclude Include="..\Classes\B2EasyBox2D.h">
      <Filter>include</Filter>
    </ClInclude>
    <ClInclude Include="..\Classes\ResinBall.h">
      <Filter>include</Filter>
    </ClInclude>
    <ClInclude Include="..\Classes\Insect.h">
      <Filter>source</Filter>
    </ClInclude>
    <ClInclude Include="..\Classes\InsectAction.h">
      <Filter>source</Filter>
    </ClInclude>
    <ClInclude Include="..\Classes\myContactListener.h">
      <Filter>source</Filter>
    </ClInclude>
    <ClInclude Include="..\Classes\RandomBy.h">
      <Filter>source</Filter>
    </ClInclude>
  </ItemGroup>
  <ItemGroup>
    <ClCompile Include="main.cpp">
      <Filter>source</Filter>
    </ClCompile>
    <ClCompile Include="..\Classes\AppDelegate.cpp">
      <Filter>source</Filter>
    </ClCompile>
    <ClCompile Include="..\Classes\HelloWorldScene.cpp">
      <Filter>source</Filter>
    </ClCompile>
    <ClCompile Include="..\Classes\B2DebugDrawLayer.cpp">
      <Filter>source</Filter>
    </ClCompile>
    <ClCompile Include="..\Classes\GLES-Render.cpp">
      <Filter>source</Filter>
    </ClCompile>
    <ClCompile Include="..\Classes\B2EasyBox2D.cpp">
      <Filter>source</Filter>
    </ClCompile>
    <ClCompile Include="..\Classes\ResinBall.cpp">
      <Filter>source</Filter>
    </ClCompile>
    <ClCompile Include="..\Classes\Insect.cpp">
      <Filter>source</Filter>
    </ClCompile>
    <ClCompile Include="..\Classes\InsectAction.cpp">
      <Filter>source</Filter>
    </ClCompile>
    <ClCompile Include="..\Classes\myContactListener.cpp">
      <Filter>source</Filter>
    </ClCompile>
    <ClCompile Include="..\Classes\RandomBy.cpp">
      <Filter>source</Filter>
    </ClCompile>
  </ItemGroup>
</Project>